
Microsoft Visual Studio Solution File, Format Version 12.00
# Visual Studio Version 16
VisualStudioVersion = 16.0.30225.117
MinimumVisualStudioVersion = 15.0.26124.0
Project("{2150E333-8FDC-42A3-9474-1A3956D46DE8}") = "src", "src", "{34627D61-8EB1-4423-8D64-46B07869D7A0}"
EndProject
Project("{9A19103F-16F7-4668-BE54-9A1E7A4F7556}") = "Altseed2.BoxUI", "src\Altseed2.BoxUI\Altseed2.BoxUI.csproj", "{1349392B-C578-40E2-8DF0-C8395F09CB00}"
EndProject
Project("{2150E333-8FDC-42A3-9474-1A3956D46DE8}") = "examples", "examples", "{97849582-3048-47FD-B7F3-02CA799FD809}"
EndProject
Project("{FAE04EC0-301F-11D3-BF4B-00C04F79EFBC}") = "CounterExample", "examples\CounterExample\CounterExample.csproj", "{D4217F3E-F16D-42D1-8730-BD9B718BF24E}"
EndProject
Global
	GlobalSection(SolutionConfigurationPlatforms) = preSolution
		Debug|Any CPU = Debug|Any CPU
		Debug|x64 = Debug|x64
		Debug|x86 = Debug|x86
		Release|Any CPU = Release|Any CPU
		Release|x64 = Release|x64
		Release|x86 = Release|x86
	EndGlobalSection
	GlobalSection(ProjectConfigurationPlatforms) = postSolution
		{1349392B-C578-40E2-8DF0-C8395F09CB00}.Debug|Any CPU.ActiveCfg = Debug|Any CPU
		{1349392B-C578-40E2-8DF0-C8395F09CB00}.Debug|Any CPU.Build.0 = Debug|Any CPU
		{1349392B-C578-40E2-8DF0-C8395F09CB00}.Debug|x64.ActiveCfg = Debug|Any CPU
		{1349392B-C578-40E2-8DF0-C8395F09CB00}.Debug|x64.Build.0 = Debug|Any CPU
		{1349392B-C578-40E2-8DF0-C8395F09CB00}.Debug|x86.ActiveCfg = Debug|Any CPU
		{1349392B-C578-40E2-8DF0-C8395F09CB00}.Debug|x86.Build.0 = Debug|Any CPU
		{1349392B-C578-40E2-8DF0-C8395F09CB00}.Release|Any CPU.ActiveCfg = Release|Any CPU
		{1349392B-C578-40E2-8DF0-C8395F09CB00}.Release|Any CPU.Build.0 = Release|Any CPU
		{1349392B-C578-40E2-8DF0-C8395F09CB00}.Release|x64.ActiveCfg = Release|Any CPU
		{1349392B-C578-40E2-8DF0-C8395F09CB00}.Release|x64.Build.0 = Release|Any CPU
		{1349392B-C578-40E2-8DF0-C8395F09CB00}.Release|x86.ActiveCfg = Release|Any CPU
		{1349392B-C578-40E2-8DF0-C8395F09CB00}.Release|x86.Build.0 = Release|Any CPU
		{D4217F3E-F16D-42D1-8730-BD9B718BF24E}.Debug|Any CPU.ActiveCfg = Debug|Any CPU
		{D4217F3E-F16D-42D1-8730-BD9B718BF24E}.Debug|Any CPU.Build.0 = Debug|Any CPU
		{D4217F3E-F16D-42D1-8730-BD9B718BF24E}.Debug|x64.ActiveCfg = Debug|Any CPU
		{D4217F3E-F16D-42D1-8730-BD9B718BF24E}.Debug|x64.Build.0 = Debug|Any CPU
		{D4217F3E-F16D-42D1-8730-BD9B718BF24E}.Debug|x86.ActiveCfg = Debug|Any CPU
		{D4217F3E-F16D-42D1-8730-BD9B718BF24E}.Debug|x86.Build.0 = Debug|Any CPU
		{D4217F3E-F16D-42D1-8730-BD9B718BF24E}.Release|Any CPU.ActiveCfg = Release|Any CPU
		{D4217F3E-F16D-42D1-8730-BD9B718BF24E}.Release|Any CPU.Build.0 = Release|Any CPU
		{D4217F3E-F16D-42D1-8730-BD9B718BF24E}.Release|x64.ActiveCfg = Release|Any CPU
		{D4217F3E-F16D-42D1-8730-BD9B718BF24E}.Release|x64.Build.0 = Release|Any CPU
		{D4217F3E-F16D-42D1-8730-BD9B718BF24E}.Release|x86.ActiveCfg = Release|Any CPU
		{D4217F3E-F16D-42D1-8730-BD9B718BF24E}.Release|x86.Build.0 = Release|Any CPU
	EndGlobalSection
	GlobalSection(SolutionProperties) = preSolution
		HideSolutionNode = FALSE
	EndGlobalSection
	GlobalSection(NestedProjects) = preSolution
		{1349392B-C578-40E2-8DF0-C8395F09CB00} = {34627D61-8EB1-4423-8D64-46B07869D7A0}
		{D4217F3E-F16D-42D1-8730-BD9B718BF24E} = {97849582-3048-47FD-B7F3-02CA799FD809}
	EndGlobalSection
	GlobalSection(ExtensibilityGlobals) = postSolution
		SolutionGuid = {51839C07-5508-4BDD-B29D-DEC995FE4E6E}
	EndGlobalSection
EndGlobal
